
Microsoft Visual Studio Solution File, Format Version 12.00
# Visual Studio Version 16
VisualStudioVersion = 16.0.30128.74
MinimumVisualStudioVersion = 10.0.40219.1
Project("{FAE04EC0-301F-11D3-BF4B-00C04F79EFBC}") = "ThitSarMainForm", "ThitSarMainForm\ThitSarMainForm.csproj", "{BD60A438-0EAA-4651-91EE-6C6D3DA0035A}"
EndProject
Global
	GlobalSection(SolutionConfigurationPlatforms) = preSolution
		Debug|Any CPU = Debug|Any CPU
		Release|Any CPU = Release|Any CPU
	EndGlobalSection
	GlobalSection(ProjectConfigurationPlatforms) = postSolution
		{BD60A438-0EAA-4651-91EE-6C6D3DA0035A}.Debug|Any CPU.ActiveCfg = Debug|Any CPU
		{BD60A438-0EAA-4651-91EE-6C6D3DA0035A}.Debug|Any CPU.Build.0 = Debug|Any CPU
		{BD60A438-0EAA-4651-91EE-6C6D3DA0035A}.Release|Any CPU.ActiveCfg = Release|Any CPU
		{BD60A438-0EAA-4651-91EE-6C6D3DA0035A}.Release|Any CPU.Build.0 = Release|Any CPU
	EndGlobalSection
	GlobalSection(SolutionProperties) = preSolution
		HideSolutionNode = FALSE
	EndGlobalSection
	GlobalSection(ExtensibilityGlobals) = postSolution
		SolutionGuid = {BDF30886-CD3F-4910-AF5E-A9740A40334B}
	EndGlobalSection
EndGlobal
